
Microsoft Visual Studio Solution File, Format Version 12.00
# Visual Studio 15
VisualStudioVersion = 15.0.28010.2019
MinimumVisualStudioVersion = 10.0.40219.1
Project("{8BC9CEB8-8B4A-11D0-8D11-00A0C91BC942}") = "labka______6", "labka______6\labka______6.vcxproj", "{311FE7D4-9023-4F80-80C1-D4CE51EC07D2}"
EndProject
Global
	GlobalSection(SolutionConfigurationPlatforms) = preSolution
		Debug|x64 = Debug|x64
		Debug|x86 = Debug|x86
		Release|x64 = Release|x64
		Release|x86 = Release|x86
	EndGlobalSection
	GlobalSection(ProjectConfigurationPlatforms) = postSolution
		{311FE7D4-9023-4F80-80C1-D4CE51EC07D2}.Debug|x64.ActiveCfg = Debug|x64
		{311FE7D4-9023-4F80-80C1-D4CE51EC07D2}.Debug|x64.Build.0 = Debug|x64
		{311FE7D4-9023-4F80-80C1-D4CE51EC07D2}.Debug|x86.ActiveCfg = Debug|Win32
		{311FE7D4-9023-4F80-80C1-D4CE51EC07D2}.Debug|x86.Build.0 = Debug|Win32
		{311FE7D4-9023-4F80-80C1-D4CE51EC07D2}.Release|x64.ActiveCfg = Release|x64
		{311FE7D4-9023-4F80-80C1-D4CE51EC07D2}.Release|x64.Build.0 = Release|x64
		{311FE7D4-9023-4F80-80C1-D4CE51EC07D2}.Release|x86.ActiveCfg = Release|Win32
		{311FE7D4-9023-4F80-80C1-D4CE51EC07D2}.Release|x86.Build.0 = Release|Win32
	EndGlobalSection
	GlobalSection(SolutionProperties) = preSolution
		HideSolutionNode = FALSE
	EndGlobalSection
	GlobalSection(ExtensibilityGlobals) = postSolution
		SolutionGuid = {9AAD7FFF-6FF4-43EB-A20D-8EE3D0C79BDB}
	EndGlobalSection
EndGlobal
